// !$*UTF8*$!
{
	archiveVersion = 1;
	classes = {
	};
	objectVersion = 56;
	objects = {

/* Begin PBXBuildFile section */
		C622933E2BD5F080000EF7A8 /* Localizable.xcstrings in Resources */ = {isa = PBXBuildFile; fileRef = C622933D2BD5F080000EF7A8 /* Localizable.xcstrings */; };
		C62293402BD74746000EF7A8 /* ProjectEdit.swift in Sources */ = {isa = PBXBuildFile; fileRef = C622933F2BD74746000EF7A8 /* ProjectEdit.swift */; };
		C69BA9F72BF0A8B500F655A4 /* TodoModelMigrationPlan.swift in Sources */ = {isa = PBXBuildFile; fileRef = C69BA9F62BF0A8B500F655A4 /* TodoModelMigrationPlan.swift */; };
		C6B831D52BCEB8C200A0FB27 /* TodoDetail.swift in Sources */ = {isa = PBXBuildFile; fileRef = C6B831D42BCEB8C200A0FB27 /* TodoDetail.swift */; };
		C6B831D72BCF58D800A0FB27 /* TodoEdit.swift in Sources */ = {isa = PBXBuildFile; fileRef = C6B831D62BCF58D800A0FB27 /* TodoEdit.swift */; };
		C6EC85C92BC76CA700C9A4D2 /* MileToDoApp.swift in Sources */ = {isa = PBXBuildFile; fileRef = C6EC85C82BC76CA700C9A4D2 /* MileToDoApp.swift */; };
		C6EC85CB2BC76CA700C9A4D2 /* ContentView.swift in Sources */ = {isa = PBXBuildFile; fileRef = C6EC85CA2BC76CA700C9A4D2 /* ContentView.swift */; };
		C6EC85CD2BC76CA800C9A4D2 /* Assets.xcassets in Resources */ = {isa = PBXBuildFile; fileRef = C6EC85CC2BC76CA800C9A4D2 /* Assets.xcassets */; };
		C6EC85D02BC76CA800C9A4D2 /* Preview Assets.xcassets in Resources */ = {isa = PBXBuildFile; fileRef = C6EC85CF2BC76CA800C9A4D2 /* Preview Assets.xcassets */; };
		C6EC85D92BC76CCC00C9A4D2 /* Home.swift in Sources */ = {isa = PBXBuildFile; fileRef = C6EC85D82BC76CCC00C9A4D2 /* Home.swift */; };
		C6EC85DD2BC76F2600C9A4D2 /* View+Extensions.swift in Sources */ = {isa = PBXBuildFile; fileRef = C6EC85DC2BC76F2600C9A4D2 /* View+Extensions.swift */; };
		C6EC85E02BC771F800C9A4D2 /* Date+Extension.swift in Sources */ = {isa = PBXBuildFile; fileRef = C6EC85DF2BC771F800C9A4D2 /* Date+Extension.swift */; };
		C6EC85E22BC77BB100C9A4D2 /* OffsetKey.swift in Sources */ = {isa = PBXBuildFile; fileRef = C6EC85E12BC77BB100C9A4D2 /* OffsetKey.swift */; };
		C6EC85E42BC7891900C9A4D2 /* MilestoneComponents.swift in Sources */ = {isa = PBXBuildFile; fileRef = C6EC85E32BC7891900C9A4D2 /* MilestoneComponents.swift */; };
		C6EC85E62BC8C1FA00C9A4D2 /* ProjectModel.swift in Sources */ = {isa = PBXBuildFile; fileRef = C6EC85E52BC8C1FA00C9A4D2 /* ProjectModel.swift */; };
		C6EC85E82BC8C28800C9A4D2 /* TodoModel.swift in Sources */ = {isa = PBXBuildFile; fileRef = C6EC85E72BC8C28800C9A4D2 /* TodoModel.swift */; };
		C6EC85EB2BC8C8E800C9A4D2 /* ProjectAppendButton.swift in Sources */ = {isa = PBXBuildFile; fileRef = C6EC85EA2BC8C8E800C9A4D2 /* ProjectAppendButton.swift */; };
		C6EC85ED2BC8CAEC00C9A4D2 /* ProjectAppend.swift in Sources */ = {isa = PBXBuildFile; fileRef = C6EC85EC2BC8CAEC00C9A4D2 /* ProjectAppend.swift */; };
		C6EC85EF2BC8D30200C9A4D2 /* ProjectTitle.swift in Sources */ = {isa = PBXBuildFile; fileRef = C6EC85EE2BC8D30200C9A4D2 /* ProjectTitle.swift */; };
		C6EC85F12BC8D6EB00C9A4D2 /* Color+Extension.swift in Sources */ = {isa = PBXBuildFile; fileRef = C6EC85F02BC8D6EB00C9A4D2 /* Color+Extension.swift */; };
		C6EC85F32BC8DA6500C9A4D2 /* TodoAppend.swift in Sources */ = {isa = PBXBuildFile; fileRef = C6EC85F22BC8DA6500C9A4D2 /* TodoAppend.swift */; };
		C6EC85F52BC8DE8900C9A4D2 /* ProjectTodo.swift in Sources */ = {isa = PBXBuildFile; fileRef = C6EC85F42BC8DE8900C9A4D2 /* ProjectTodo.swift */; };
		C6EC85F92BCCD88D00C9A4D2 /* ProjectDetail.swift in Sources */ = {isa = PBXBuildFile; fileRef = C6EC85F82BCCD88D00C9A4D2 /* ProjectDetail.swift */; };
		C6EC85FD2BCD1CF800C9A4D2 /* Color.xcassets in Resources */ = {isa = PBXBuildFile; fileRef = C6EC85FC2BCD1CF800C9A4D2 /* Color.xcassets */; };
/* End PBXBuildFile section */

/* Begin PBXCopyFilesBuildPhase section */
		C6128E6B2BDF64080044A854 /* Embed Foundation Extensions */ = {
			isa = PBXCopyFilesBuildPhase;
			buildActionMask = 2147483647;
			dstPath = "";
			dstSubfolderSpec = 13;
			files = (
			);
			name = "Embed Foundation Extensions";
			runOnlyForDeploymentPostprocessing = 0;
		};
/* End PBXCopyFilesBuildPhase section */

/* Begin PBXFileReference section */
		C6128E552BDF64070044A854 /* WidgetKit.framework */ = {isa = PBXFileReference; lastKnownFileType = wrapper.framework; name = WidgetKit.framework; path = System/Library/Frameworks/WidgetKit.framework; sourceTree = SDKROOT; };
		C6128E572BDF64070044A854 /* SwiftUI.framework */ = {isa = PBXFileReference; lastKnownFileType = wrapper.framework; name = SwiftUI.framework; path = System/Library/Frameworks/SwiftUI.framework; sourceTree = SDKROOT; };
		C622933D2BD5F080000EF7A8 /* Localizable.xcstrings */ = {isa = PBXFileReference; lastKnownFileType = text.json.xcstrings; path = Localizable.xcstrings; sourceTree = "<group>"; };
		C622933F2BD74746000EF7A8 /* ProjectEdit.swift */ = {isa = PBXFileReference; lastKnownFileType = sourcecode.swift; path = ProjectEdit.swift; sourceTree = "<group>"; };
		C69BA9F62BF0A8B500F655A4 /* TodoModelMigrationPlan.swift */ = {isa = PBXFileReference; lastKnownFileType = sourcecode.swift; path = TodoModelMigrationPlan.swift; sourceTree = "<group>"; };
		C6B831D42BCEB8C200A0FB27 /* TodoDetail.swift */ = {isa = PBXFileReference; lastKnownFileType = sourcecode.swift; path = TodoDetail.swift; sourceTree = "<group>"; };
		C6B831D62BCF58D800A0FB27 /* TodoEdit.swift */ = {isa = PBXFileReference; lastKnownFileType = sourcecode.swift; path = TodoEdit.swift; sourceTree = "<group>"; };
		C6EC85C52BC76CA700C9A4D2 /* MileToDo.app */ = {isa = PBXFileReference; explicitFileType = wrapper.application; includeInIndex = 0; path = MileToDo.app; sourceTree = BUILT_PRODUCTS_DIR; };
		C6EC85C82BC76CA700C9A4D2 /* MileToDoApp.swift */ = {isa = PBXFileReference; lastKnownFileType = sourcecode.swift; path = MileToDoApp.swift; sourceTree = "<group>"; };
		C6EC85CA2BC76CA700C9A4D2 /* ContentView.swift */ = {isa = PBXFileReference; lastKnownFileType = sourcecode.swift; path = ContentView.swift; sourceTree = "<group>"; };
		C6EC85CC2BC76CA800C9A4D2 /* Assets.xcassets */ = {isa = PBXFileReference; lastKnownFileType = folder.assetcatalog; path = Assets.xcassets; sourceTree = "<group>"; };
		C6EC85CF2BC76CA800C9A4D2 /* Preview Assets.xcassets */ = {isa = PBXFileReference; lastKnownFileType = folder.assetcatalog; path = "Preview Assets.xcassets"; sourceTree = "<group>"; };
		C6EC85D82BC76CCC00C9A4D2 /* Home.swift */ = {isa = PBXFileReference; lastKnownFileType = sourcecode.swift; path = Home.swift; sourceTree = "<group>"; wrapsLines = 0; };
		C6EC85DC2BC76F2600C9A4D2 /* View+Extensions.swift */ = {isa = PBXFileReference; lastKnownFileType = sourcecode.swift; path = "View+Extensions.swift"; sourceTree = "<group>"; };
		C6EC85DF2BC771F800C9A4D2 /* Date+Extension.swift */ = {isa = PBXFileReference; lastKnownFileType = sourcecode.swift; path = "Date+Extension.swift"; sourceTree = "<group>"; };
		C6EC85E12BC77BB100C9A4D2 /* OffsetKey.swift */ = {isa = PBXFileReference; lastKnownFileType = sourcecode.swift; path = OffsetKey.swift; sourceTree = "<group>"; };
		C6EC85E32BC7891900C9A4D2 /* MilestoneComponents.swift */ = {isa = PBXFileReference; lastKnownFileType = sourcecode.swift; path = MilestoneComponents.swift; sourceTree = "<group>"; };
		C6EC85E52BC8C1FA00C9A4D2 /* ProjectModel.swift */ = {isa = PBXFileReference; lastKnownFileType = sourcecode.swift; path = ProjectModel.swift; sourceTree = "<group>"; };
		C6EC85E72BC8C28800C9A4D2 /* TodoModel.swift */ = {isa = PBXFileReference; lastKnownFileType = sourcecode.swift; path = TodoModel.swift; sourceTree = "<group>"; };
		C6EC85EA2BC8C8E800C9A4D2 /* ProjectAppendButton.swift */ = {isa = PBXFileReference; lastKnownFileType = sourcecode.swift; path = ProjectAppendButton.swift; sourceTree = "<group>"; };
		C6EC85EC2BC8CAEC00C9A4D2 /* ProjectAppend.swift */ = {isa = PBXFileReference; lastKnownFileType = sourcecode.swift; path = ProjectAppend.swift; sourceTree = "<group>"; };
		C6EC85EE2BC8D30200C9A4D2 /* ProjectTitle.swift */ = {isa = PBXFileReference; lastKnownFileType = sourcecode.swift; path = ProjectTitle.swift; sourceTree = "<group>"; };
		C6EC85F02BC8D6EB00C9A4D2 /* Color+Extension.swift */ = {isa = PBXFileReference; lastKnownFileType = sourcecode.swift; path = "Color+Extension.swift"; sourceTree = "<group>"; };
		C6EC85F22BC8DA6500C9A4D2 /* TodoAppend.swift */ = {isa = PBXFileReference; lastKnownFileType = sourcecode.swift; path = TodoAppend.swift; sourceTree = "<group>"; };
		C6EC85F42BC8DE8900C9A4D2 /* ProjectTodo.swift */ = {isa = PBXFileReference; lastKnownFileType = sourcecode.swift; path = ProjectTodo.swift; sourceTree = "<group>"; };
		C6EC85F82BCCD88D00C9A4D2 /* ProjectDetail.swift */ = {isa = PBXFileReference; lastKnownFileType = sourcecode.swift; path = ProjectDetail.swift; sourceTree = "<group>"; };
		C6EC85FC2BCD1CF800C9A4D2 /* Color.xcassets */ = {isa = PBXFileReference; lastKnownFileType = folder.assetcatalog; path = Color.xcassets; sourceTree = "<group>"; };
/* End PBXFileReference section */

/* Begin PBXFrameworksBuildPhase section */
		C6EC85C22BC76CA700C9A4D2 /* Frameworks */ = {
			isa = PBXFrameworksBuildPhase;
			buildActionMask = 2147483647;
			files = (
			);
			runOnlyForDeploymentPostprocessing = 0;
		};
/* End PBXFrameworksBuildPhase section */

/* Begin PBXGroup section */
		C6128E542BDF64070044A854 /* Frameworks */ = {
			isa = PBXGroup;
			children = (
				C6128E552BDF64070044A854 /* WidgetKit.framework */,
				C6128E572BDF64070044A854 /* SwiftUI.framework */,
			);
			name = Frameworks;
			sourceTree = "<group>";
		};
		C6EC85BC2BC76CA700C9A4D2 = {
			isa = PBXGroup;
			children = (
				C6EC85C72BC76CA700C9A4D2 /* MileToDo */,
				C6128E542BDF64070044A854 /* Frameworks */,
				C6EC85C62BC76CA700C9A4D2 /* Products */,
			);
			sourceTree = "<group>";
		};
		C6EC85C62BC76CA700C9A4D2 /* Products */ = {
			isa = PBXGroup;
			children = (
				C6EC85C52BC76CA700C9A4D2 /* MileToDo.app */,
			);
			name = Products;
			sourceTree = "<group>";
		};
		C6EC85C72BC76CA700C9A4D2 /* MileToDo */ = {
			isa = PBXGroup;
			children = (
				C6EC85D62BC76CB600C9A4D2 /* Model */,
				C6EC85E92BC8C8CA00C9A4D2 /* Components */,
				C6EC85DE2BC7715300C9A4D2 /* Helpers */,
				C6EC85D72BC76CBB00C9A4D2 /* View */,
				C6EC85C82BC76CA700C9A4D2 /* MileToDoApp.swift */,
				C6EC85CA2BC76CA700C9A4D2 /* ContentView.swift */,
				C6EC85CC2BC76CA800C9A4D2 /* Assets.xcassets */,
				C6EC85FC2BCD1CF800C9A4D2 /* Color.xcassets */,
				C6EC85CE2BC76CA800C9A4D2 /* Preview Content */,
				C622933D2BD5F080000EF7A8 /* Localizable.xcstrings */,
			);
			path = MileToDo;
			sourceTree = "<group>";
		};
		C6EC85CE2BC76CA800C9A4D2 /* Preview Content */ = {
			isa = PBXGroup;
			children = (
				C6EC85CF2BC76CA800C9A4D2 /* Preview Assets.xcassets */,
			);
			path = "Preview Content";
			sourceTree = "<group>";
		};
		C6EC85D62BC76CB600C9A4D2 /* Model */ = {
			isa = PBXGroup;
			children = (
				C6EC85E52BC8C1FA00C9A4D2 /* ProjectModel.swift */,
				C6EC85E72BC8C28800C9A4D2 /* TodoModel.swift */,
				C69BA9F62BF0A8B500F655A4 /* TodoModelMigrationPlan.swift */,
			);
			path = Model;
			sourceTree = "<group>";
		};
		C6EC85D72BC76CBB00C9A4D2 /* View */ = {
			isa = PBXGroup;
			children = (
				C6EC85D82BC76CCC00C9A4D2 /* Home.swift */,
				C6EC85EC2BC8CAEC00C9A4D2 /* ProjectAppend.swift */,
				C6EC85F22BC8DA6500C9A4D2 /* TodoAppend.swift */,
				C6EC85F82BCCD88D00C9A4D2 /* ProjectDetail.swift */,
				C622933F2BD74746000EF7A8 /* ProjectEdit.swift */,
				C6B831D42BCEB8C200A0FB27 /* TodoDetail.swift */,
				C6B831D62BCF58D800A0FB27 /* TodoEdit.swift */,
			);
			path = View;
			sourceTree = "<group>";
		};
		C6EC85DE2BC7715300C9A4D2 /* Helpers */ = {
			isa = PBXGroup;
			children = (
				C6EC85DC2BC76F2600C9A4D2 /* View+Extensions.swift */,
				C6EC85DF2BC771F800C9A4D2 /* Date+Extension.swift */,
				C6EC85E12BC77BB100C9A4D2 /* OffsetKey.swift */,
				C6EC85F02BC8D6EB00C9A4D2 /* Color+Extension.swift */,
			);
			path = Helpers;
			sourceTree = "<group>";
		};
		C6EC85E92BC8C8CA00C9A4D2 /* Components */ = {
			isa = PBXGroup;
			children = (
				C6EC85EA2BC8C8E800C9A4D2 /* ProjectAppendButton.swift */,
				C6EC85EE2BC8D30200C9A4D2 /* ProjectTitle.swift */,
				C6EC85F42BC8DE8900C9A4D2 /* ProjectTodo.swift */,
				C6EC85E32BC7891900C9A4D2 /* MilestoneComponents.swift */,
			);
			path = Components;
			sourceTree = "<group>";
		};
/* End PBXGroup section */

/* Begin PBXNativeTarget section */
		C6EC85C42BC76CA700C9A4D2 /* MileToDo */ = {
			isa = PBXNativeTarget;
			buildConfigurationList = C6EC85D32BC76CA800C9A4D2 /* Build configuration list for PBXNativeTarget "MileToDo" */;
			buildPhases = (
				C6EC85C12BC76CA700C9A4D2 /* Sources */,
				C6EC85C22BC76CA700C9A4D2 /* Frameworks */,
				C6EC85C32BC76CA700C9A4D2 /* Resources */,
				C6128E6B2BDF64080044A854 /* Embed Foundation Extensions */,
			);
			buildRules = (
			);
			dependencies = (
			);
			name = MileToDo;
			productName = MileToDo;
			productReference = C6EC85C52BC76CA700C9A4D2 /* MileToDo.app */;
			productType = "com.apple.product-type.application";
		};
/* End PBXNativeTarget section */

/* Begin PBXProject section */
		C6EC85BD2BC76CA700C9A4D2 /* Project object */ = {
			isa = PBXProject;
			attributes = {
				BuildIndependentTargetsInParallel = 1;
				LastSwiftUpdateCheck = 1530;
				LastUpgradeCheck = 1530;
				TargetAttributes = {
					C6EC85C42BC76CA700C9A4D2 = {
						CreatedOnToolsVersion = 15.3;
					};
				};
			};
			buildConfigurationList = C6EC85C02BC76CA700C9A4D2 /* Build configuration list for PBXProject "MileToDo" */;
			compatibilityVersion = "Xcode 14.0";
			developmentRegion = en;
			hasScannedForEncodings = 0;
			knownRegions = (
				en,
				Base,
				ko,
				vi,
			);
			mainGroup = C6EC85BC2BC76CA700C9A4D2;
			productRefGroup = C6EC85C62BC76CA700C9A4D2 /* Products */;
			projectDirPath = "";
			projectRoot = "";
			targets = (
				C6EC85C42BC76CA700C9A4D2 /* MileToDo */,
			);
		};
/* End PBXProject section */

/* Begin PBXResourcesBuildPhase section */
		C6EC85C32BC76CA700C9A4D2 /* Resources */ = {
			isa = PBXResourcesBuildPhase;
			buildActionMask = 2147483647;
			files = (
				C6EC85D02BC76CA800C9A4D2 /* Preview Assets.xcassets in Resources */,
				C6EC85CD2BC76CA800C9A4D2 /* Assets.xcassets in Resources */,
				C622933E2BD5F080000EF7A8 /* Localizable.xcstrings in Resources */,
				C6EC85FD2BCD1CF800C9A4D2 /* Color.xcassets in Resources */,
			);
			runOnlyForDeploymentPostprocessing = 0;
		};
/* End PBXResourcesBuildPhase section */

/* Begin PBXSourcesBuildPhase section */
		C6EC85C12BC76CA700C9A4D2 /* Sources */ = {
			isa = PBXSourcesBuildPhase;
			buildActionMask = 2147483647;
			files = (
				C6EC85E82BC8C28800C9A4D2 /* TodoModel.swift in Sources */,
				C6EC85E22BC77BB100C9A4D2 /* OffsetKey.swift in Sources */,
				C6EC85EF2BC8D30200C9A4D2 /* ProjectTitle.swift in Sources */,
				C6B831D52BCEB8C200A0FB27 /* TodoDetail.swift in Sources */,
				C6EC85E02BC771F800C9A4D2 /* Date+Extension.swift in Sources */,
				C6EC85EB2BC8C8E800C9A4D2 /* ProjectAppendButton.swift in Sources */,
				C62293402BD74746000EF7A8 /* ProjectEdit.swift in Sources */,
				C69BA9F72BF0A8B500F655A4 /* TodoModelMigrationPlan.swift in Sources */,
				C6EC85CB2BC76CA700C9A4D2 /* ContentView.swift in Sources */,
				C6EC85D92BC76CCC00C9A4D2 /* Home.swift in Sources */,
				C6EC85E42BC7891900C9A4D2 /* MilestoneComponents.swift in Sources */,
				C6EC85F92BCCD88D00C9A4D2 /* ProjectDetail.swift in Sources */,
				C6EC85E62BC8C1FA00C9A4D2 /* ProjectModel.swift in Sources */,
				C6EC85F32BC8DA6500C9A4D2 /* TodoAppend.swift in Sources */,
				C6EC85C92BC76CA700C9A4D2 /* MileToDoApp.swift in Sources */,
				C6B831D72BCF58D800A0FB27 /* TodoEdit.swift in Sources */,
				C6EC85DD2BC76F2600C9A4D2 /* View+Extensions.swift in Sources */,
				C6EC85ED2BC8CAEC00C9A4D2 /* ProjectAppend.swift in Sources */,
				C6EC85F52BC8DE8900C9A4D2 /* ProjectTodo.swift in Sources */,
				C6EC85F12BC8D6EB00C9A4D2 /* Color+Extension.swift in Sources */,
			);
			runOnlyForDeploymentPostprocessing = 0;
		};
/* End PBXSourcesBuildPhase section */

/* Begin XCBuildConfiguration section */
		C6EC85D12BC76CA800C9A4D2 /* Debug */ = {
			isa = XCBuildConfiguration;
			buildSettings = {
				ALWAYS_SEARCH_USER_PATHS = NO;
				ASSETCATALOG_COMPILER_GENERATE_SWIFT_ASSET_SYMBOL_EXTENSIONS = YES;
				CLANG_ANALYZER_NONNULL = YES;
				CLANG_ANALYZER_NUMBER_OBJECT_CONVERSION = YES_AGGRESSIVE;
				CLANG_CXX_LANGUAGE_STANDARD = "gnu++20";
				CLANG_ENABLE_MODULES = YES;
				CLANG_ENABLE_OBJC_ARC = YES;
				CLANG_ENABLE_OBJC_WEAK = YES;
				CLANG_WARN_BLOCK_CAPTURE_AUTORELEASING = YES;
				CLANG_WARN_BOOL_CONVERSION = YES;
				CLANG_WARN_COMMA = YES;
				CLANG_WARN_CONSTANT_CONVERSION = YES;
				CLANG_WARN_DEPRECATED_OBJC_IMPLEMENTATIONS = YES;
				CLANG_WARN_DIRECT_OBJC_ISA_USAGE = YES_ERROR;
				CLANG_WARN_DOCUMENTATION_COMMENTS = YES;
				CLANG_WARN_EMPTY_BODY = YES;
				CLANG_WARN_ENUM_CONVERSION = YES;
				CLANG_WARN_INFINITE_RECURSION = YES;
				CLANG_WARN_INT_CONVERSION = YES;
				CLANG_WARN_NON_LITERAL_NULL_CONVERSION = YES;
				CLANG_WARN_OBJC_IMPLICIT_RETAIN_SELF = YES;
				CLANG_WARN_OBJC_LITERAL_CONVERSION = YES;
				CLANG_WARN_OBJC_ROOT_CLASS = YES_ERROR;
				CLANG_WARN_QUOTED_INCLUDE_IN_FRAMEWORK_HEADER = YES;
				CLANG_WARN_RANGE_LOOP_ANALYSIS = YES;
				CLANG_WARN_STRICT_PROTOTYPES = YES;
				CLANG_WARN_SUSPICIOUS_MOVE = YES;
				CLANG_WARN_UNGUARDED_AVAILABILITY = YES_AGGRESSIVE;
				CLANG_WARN_UNREACHABLE_CODE = YES;
				CLANG_WARN__DUPLICATE_METHOD_MATCH = YES;
				COPY_PHASE_STRIP = NO;
				DEBUG_INFORMATION_FORMAT = dwarf;
				ENABLE_STRICT_OBJC_MSGSEND = YES;
				ENABLE_TESTABILITY = YES;
				ENABLE_USER_SCRIPT_SANDBOXING = YES;
				GCC_C_LANGUAGE_STANDARD = gnu17;
				GCC_DYNAMIC_NO_PIC = NO;
				GCC_NO_COMMON_BLOCKS = YES;
				GCC_OPTIMIZATION_LEVEL = 0;
				GCC_PREPROCESSOR_DEFINITIONS = (
					"DEBUG=1",
					"$(inherited)",
				);
				GCC_WARN_64_TO_32_BIT_CONVERSION = YES;
				GCC_WARN_ABOUT_RETURN_TYPE = YES_ERROR;
				GCC_WARN_UNDECLARED_SELECTOR = YES;
				GCC_WARN_UNINITIALIZED_AUTOS = YES_AGGRESSIVE;
				GCC_WARN_UNUSED_FUNCTION = YES;
				GCC_WARN_UNUSED_VARIABLE = YES;
				IPHONEOS_DEPLOYMENT_TARGET = 17.4;
				LOCALIZATION_PREFERS_STRING_CATALOGS = YES;
				MTL_ENABLE_DEBUG_INFO = INCLUDE_SOURCE;
				MTL_FAST_MATH = YES;
				ONLY_ACTIVE_ARCH = YES;
				SDKROOT = iphoneos;
				SWIFT_ACTIVE_COMPILATION_CONDITIONS = "DEBUG $(inherited)";
				SWIFT_OPTIMIZATION_LEVEL = "-Onone";
			};
			name = Debug;
		};
		C6EC85D22BC76CA800C9A4D2 /* Release */ = {
			isa = XCBuildConfiguration;
			buildSettings = {
				ALWAYS_SEARCH_USER_PATHS = NO;
				ASSETCATALOG_COMPILER_GENERATE_SWIFT_ASSET_SYMBOL_EXTENSIONS = YES;
				CLANG_ANALYZER_NONNULL = YES;
				CLANG_ANALYZER_NUMBER_OBJECT_CONVERSION = YES_AGGRESSIVE;
				CLANG_CXX_LANGUAGE_STANDARD = "gnu++20";
				CLANG_ENABLE_MODULES = YES;
				CLANG_ENABLE_OBJC_ARC = YES;
				CLANG_ENABLE_OBJC_WEAK = YES;
				CLANG_WARN_BLOCK_CAPTURE_AUTORELEASING = YES;
				CLANG_WARN_BOOL_CONVERSION = YES;
				CLANG_WARN_COMMA = YES;
				CLANG_WARN_CONSTANT_CONVERSION = YES;
				CLANG_WARN_DEPRECATED_OBJC_IMPLEMENTATIONS = YES;
				CLANG_WARN_DIRECT_OBJC_ISA_USAGE = YES_ERROR;
				CLANG_WARN_DOCUMENTATION_COMMENTS = YES;
				CLANG_WARN_EMPTY_BODY = YES;
				CLANG_WARN_ENUM_CONVERSION = YES;
				CLANG_WARN_INFINITE_RECURSION = YES;
				CLANG_WARN_INT_CONVERSION = YES;
				CLANG_WARN_NON_LITERAL_NULL_CONVERSION = YES;
				CLANG_WARN_OBJC_IMPLICIT_RETAIN_SELF = YES;
				CLANG_WARN_OBJC_LITERAL_CONVERSION = YES;
				CLANG_WARN_OBJC_ROOT_CLASS = YES_ERROR;
				CLANG_WARN_QUOTED_INCLUDE_IN_FRAMEWORK_HEADER = YES;
				CLANG_WARN_RANGE_LOOP_ANALYSIS = YES;
				CLANG_WARN_STRICT_PROTOTYPES = YES;
				CLANG_WARN_SUSPICIOUS_MOVE = YES;
				CLANG_WARN_UNGUARDED_AVAILABILITY = YES_AGGRESSIVE;
				CLANG_WARN_UNREACHABLE_CODE = YES;
				CLANG_WARN__DUPLICATE_METHOD_MATCH = YES;
				COPY_PHASE_STRIP = NO;
				DEBUG_INFORMATION_FORMAT = "dwarf-with-dsym";
				ENABLE_NS_ASSERTIONS = NO;
				ENABLE_STRICT_OBJC_MSGSEND = YES;
				ENABLE_USER_SCRIPT_SANDBOXING = YES;
				GCC_C_LANGUAGE_STANDARD = gnu17;
				GCC_NO_COMMON_BLOCKS = YES;
				GCC_WARN_64_TO_32_BIT_CONVERSION = YES;
				GCC_WARN_ABOUT_RETURN_TYPE = YES_ERROR;
				GCC_WARN_UNDECLARED_SELECTOR = YES;
				GCC_WARN_UNINITIALIZED_AUTOS = YES_AGGRESSIVE;
				GCC_WARN_UNUSED_FUNCTION = YES;
				GCC_WARN_UNUSED_VARIABLE = YES;
				IPHONEOS_DEPLOYMENT_TARGET = 17.4;
				LOCALIZATION_PREFERS_STRING_CATALOGS = YES;
				MTL_ENABLE_DEBUG_INFO = NO;
				MTL_FAST_MATH = YES;
				SDKROOT = iphoneos;
				SWIFT_COMPILATION_MODE = wholemodule;
				VALIDATE_PRODUCT = YES;
			};
			name = Release;
		};
		C6EC85D42BC76CA800C9A4D2 /* Debug */ = {
			isa = XCBuildConfiguration;
			buildSettings = {
				ALWAYS_EMBED_SWIFT_STANDARD_LIBRARIES = YES;
				ASSETCATALOG_COMPILER_APPICON_NAME = AppIcon;
				ASSETCATALOG_COMPILER_GLOBAL_ACCENT_COLOR_NAME = AccentColor;
				CODE_SIGN_ENTITLEMENTS = "";
				CODE_SIGN_IDENTITY = "Apple Development";
				CODE_SIGN_STYLE = Automatic;
				CURRENT_PROJECT_VERSION = 1;
				DEVELOPMENT_ASSET_PATHS = "\"MileToDo/Preview Content\"";
				DEVELOPMENT_TEAM = ZADA25JZ4A;
				ENABLE_PREVIEWS = YES;
				GENERATE_INFOPLIST_FILE = YES;
				INFOPLIST_KEY_LSApplicationCategoryType = "public.app-category.lifestyle";
				INFOPLIST_KEY_UIApplicationSceneManifest_Generation = YES;
				INFOPLIST_KEY_UIApplicationSupportsIndirectInputEvents = YES;
				INFOPLIST_KEY_UILaunchScreen_Generation = YES;
				INFOPLIST_KEY_UISupportedInterfaceOrientations = UIInterfaceOrientationPortrait;
				IPHONEOS_DEPLOYMENT_TARGET = 17.2;
				LD_RUNPATH_SEARCH_PATHS = (
					"$(inherited)",
					"@executable_path/Frameworks",
				);
				MARKETING_VERSION = 1.2.0;
				PRODUCT_BUNDLE_IDENTIFIER = mycompany.MileToDo;
				PRODUCT_NAME = "$(TARGET_NAME)";
				PROVISIONING_PROFILE_SPECIFIER = "";
				SWIFT_EMIT_LOC_STRINGS = YES;
				SWIFT_VERSION = 5.0;
				TARGETED_DEVICE_FAMILY = "1,2";
			};
			name = Debug;
		};
		C6EC85D52BC76CA800C9A4D2 /* Release */ = {
			isa = XCBuildConfiguration;
			buildSettings = {
				ALWAYS_EMBED_SWIFT_STANDARD_LIBRARIES = YES;
				ASSETCATALOG_COMPILER_APPICON_NAME = AppIcon;
				ASSETCATALOG_COMPILER_GLOBAL_ACCENT_COLOR_NAME = AccentColor;
				CODE_SIGN_ENTITLEMENTS = "";
				CODE_SIGN_IDENTITY = "Apple Development";
				CODE_SIGN_STYLE = Automatic;
				CURRENT_PROJECT_VERSION = 1;
				DEVELOPMENT_ASSET_PATHS = "\"MileToDo/Preview Content\"";
				DEVELOPMENT_TEAM = ZADA25JZ4A;
				ENABLE_PREVIEWS = YES;
				GENERATE_INFOPLIST_FILE = YES;
				INFOPLIST_KEY_LSApplicationCategoryType = "public.app-category.lifestyle";
				INFOPLIST_KEY_UIApplicationSceneManifest_Generation = YES;
				INFOPLIST_KEY_UIApplicationSupportsIndirectInputEvents = YES;
				INFOPLIST_KEY_UILaunchScreen_Generation = YES;
				INFOPLIST_KEY_UISupportedInterfaceOrientations = UIInterfaceOrientationPortrait;
				IPHONEOS_DEPLOYMENT_TARGET = 17.2;
				LD_RUNPATH_SEARCH_PATHS = (
					"$(inherited)",
					"@executable_path/Frameworks",
				);
				MARKETING_VERSION = 1.2.0;
				PRODUCT_BUNDLE_IDENTIFIER = mycompany.MileToDo;
				PRODUCT_NAME = "$(TARGET_NAME)";
				PROVISIONING_PROFILE_SPECIFIER = "";
				SWIFT_EMIT_LOC_STRINGS = YES;
				SWIFT_VERSION = 5.0;
				TARGETED_DEVICE_FAMILY = "1,2";
			};
			name = Release;
		};
/* End XCBuildConfiguration section */

/* Begin XCConfigurationList section */
		C6EC85C02BC76CA700C9A4D2 /* Build configuration list for PBXProject "MileToDo" */ = {
			isa = XCConfigurationList;
			buildConfigurations = (
				C6EC85D12BC76CA800C9A4D2 /* Debug */,
				C6EC85D22BC76CA800C9A4D2 /* Release */,
			);
			defaultConfigurationIsVisible = 0;
			defaultConfigurationName = Debug;
		};
		C6EC85D32BC76CA800C9A4D2 /* Build configuration list for PBXNativeTarget "MileToDo" */ = {
			isa = XCConfigurationList;
			buildConfigurations = (
				C6EC85D42BC76CA800C9A4D2 /* Debug */,
				C6EC85D52BC76CA800C9A4D2 /* Release */,
			);
			defaultConfigurationIsVisible = 0;
			defaultConfigurationName = Debug;
		};
/* End XCConfigurationList section */
	};
	rootObject = C6EC85BD2BC76CA700C9A4D2 /* Project object */;
}
